
Microsoft Visual Studio Solution File, Format Version 12.00
# Visual Studio Version 17
VisualStudioVersion = 17.7.34031.279
MinimumVisualStudioVersion = 10.0.40219.1
Project("{FAE04EC0-301F-11D3-BF4B-00C04F79EFBC}") = "newSocial", "newSocial\newSocial.csproj", "{D356063C-FAE6-4A36-A7DD-4B024D2912C4}"
EndProject
Project("{FAE04EC0-301F-11D3-BF4B-00C04F79EFBC}") = "webApi", "webApi\webApi.csproj", "{9448D9BD-76D8-473C-A9DC-0F2D6AC1C0F7}"
	ProjectSection(ProjectDependencies) = postProject
		{D356063C-FAE6-4A36-A7DD-4B024D2912C4} = {D356063C-FAE6-4A36-A7DD-4B024D2912C4}
	EndProjectSection
EndProject
Global
	GlobalSection(SolutionConfigurationPlatforms) = preSolution
		Debug|Any CPU = Debug|Any CPU
		Release|Any CPU = Release|Any CPU
	EndGlobalSection
	GlobalSection(ProjectConfigurationPlatforms) = postSolution
		{D356063C-FAE6-4A36-A7DD-4B024D2912C4}.Debug|Any CPU.ActiveCfg = Debug|Any CPU
		{D356063C-FAE6-4A36-A7DD-4B024D2912C4}.Debug|Any CPU.Build.0 = Debug|Any CPU
		{D356063C-FAE6-4A36-A7DD-4B024D2912C4}.Release|Any CPU.ActiveCfg = Release|Any CPU
		{D356063C-FAE6-4A36-A7DD-4B024D2912C4}.Release|Any CPU.Build.0 = Release|Any CPU
		{9448D9BD-76D8-473C-A9DC-0F2D6AC1C0F7}.Debug|Any CPU.ActiveCfg = Debug|Any CPU
		{9448D9BD-76D8-473C-A9DC-0F2D6AC1C0F7}.Debug|Any CPU.Build.0 = Debug|Any CPU
		{9448D9BD-76D8-473C-A9DC-0F2D6AC1C0F7}.Release|Any CPU.ActiveCfg = Release|Any CPU
		{9448D9BD-76D8-473C-A9DC-0F2D6AC1C0F7}.Release|Any CPU.Build.0 = Release|Any CPU
	EndGlobalSection
	GlobalSection(SolutionProperties) = preSolution
		HideSolutionNode = FALSE
	EndGlobalSection
	GlobalSection(ExtensibilityGlobals) = postSolution
		SolutionGuid = {1B0009D1-9F28-40AA-AFA7-F2D69CF645E5}
	EndGlobalSection
EndGlobal
